// !$*UTF8*$!
{
	archiveVersion = 1;
	classes = {
	};
	objectVersion = 48;
	objects = {

/* Begin PBXBuildFile section */
		EFE800222072272300813F72 /* AppDelegate.swift in Sources */ = {isa = PBXBuildFile; fileRef = EFE800212072272300813F72 /* AppDelegate.swift */; };
		EFE800242072272300813F72 /* ViewController.swift in Sources */ = {isa = PBXBuildFile; fileRef = EFE800232072272300813F72 /* ViewController.swift */; };
		EFE800272072272300813F72 /* Main.storyboard in Resources */ = {isa = PBXBuildFile; fileRef = EFE800252072272300813F72 /* Main.storyboard */; };
		EFE800292072272300813F72 /* Assets.xcassets in Resources */ = {isa = PBXBuildFile; fileRef = EFE800282072272300813F72 /* Assets.xcassets */; };
		EFE8002C2072272300813F72 /* LaunchScreen.storyboard in Resources */ = {isa = PBXBuildFile; fileRef = EFE8002A2072272300813F72 /* LaunchScreen.storyboard */; };
		EFE800372072272300813F72 /* textFieldTestTests.swift in Sources */ = {isa = PBXBuildFile; fileRef = EFE800362072272300813F72 /* textFieldTestTests.swift */; };
		EFE800422072272400813F72 /* textFieldTestUITests.swift in Sources */ = {isa = PBXBuildFile; fileRef = EFE800412072272400813F72 /* textFieldTestUITests.swift */; };
/* End PBXBuildFile section */

/* Begin PBXContainerItemProxy section */
		EFE800332072272300813F72 /* PBXContainerItemProxy */ = {
			isa = PBXContainerItemProxy;
			containerPortal = EFE800162072272200813F72 /* Project object */;
			proxyType = 1;
			remoteGlobalIDString = EFE8001D2072272200813F72;
			remoteInfo = textFieldTest;
		};
		EFE8003E2072272300813F72 /* PBXContainerItemProxy */ = {
			isa = PBXContainerItemProxy;
			containerPortal = EFE800162072272200813F72 /* Project object */;
			proxyType = 1;
			remoteGlobalIDString = EFE8001D2072272200813F72;
			remoteInfo = textFieldTest;
		};
/* End PBXContainerItemProxy section */

/* Begin PBXFileReference section */
		EFE8001E2072272200813F72 /* textFieldTest.app */ = {isa = PBXFileReference; explicitFileType = wrapper.application; includeInIndex = 0; path = textFieldTest.app; sourceTree = BUILT_PRODUCTS_DIR; };
		EFE800212072272300813F72 /* AppDelegate.swift */ = {isa = PBXFileReference; lastKnownFileType = sourcecode.swift; path = AppDelegate.swift; sourceTree = "<group>"; };
		EFE800232072272300813F72 /* ViewController.swift */ = {isa = PBXFileReference; lastKnownFileType = sourcecode.swift; path = ViewController.swift; sourceTree = "<group>"; };
		EFE800262072272300813F72 /* Base */ = {isa = PBXFileReference; lastKnownFileType = file.storyboard; name = Base; path = Base.lproj/Main.storyboard; sourceTree = "<group>"; };
		EFE800282072272300813F72 /* Assets.xcassets */ = {isa = PBXFileReference; lastKnownFileType = folder.assetcatalog; path = Assets.xcassets; sourceTree = "<group>"; };
		EFE8002B2072272300813F72 /* Base */ = {isa = PBXFileReference; lastKnownFileType = file.storyboard; name = Base; path = Base.lproj/LaunchScreen.storyboard; sourceTree = "<group>"; };
		EFE8002D2072272300813F72 /* Info.plist */ = {isa = PBXFileReference; lastKnownFileType = text.plist.xml; path = Info.plist; sourceTree = "<group>"; };
		EFE800322072272300813F72 /* textFieldTestTests.xctest */ = {isa = PBXFileReference; explicitFileType = wrapper.cfbundle; includeInIndex = 0; path = textFieldTestTests.xctest; sourceTree = BUILT_PRODUCTS_DIR; };
		EFE800362072272300813F72 /* textFieldTestTests.swift */ = {isa = PBXFileReference; lastKnownFileType = sourcecode.swift; path = textFieldTestTests.swift; sourceTree = "<group>"; };
		EFE800382072272300813F72 /* Info.plist */ = {isa = PBXFileReference; lastKnownFileType = text.plist.xml; path = Info.plist; sourceTree = "<group>"; };
		EFE8003D2072272300813F72 /* textFieldTestUITests.xctest */ = {isa = PBXFileReference; explicitFileType = wrapper.cfbundle; includeInIndex = 0; path = textFieldTestUITests.xctest; sourceTree = BUILT_PRODUCTS_DIR; };
		EFE800412072272400813F72 /* textFieldTestUITests.swift */ = {isa = PBXFileReference; lastKnownFileType = sourcecode.swift; path = textFieldTestUITests.swift; sourceTree = "<group>"; };
		EFE800432072272400813F72 /* Info.plist */ = {isa = PBXFileReference; lastKnownFileType = text.plist.xml; path = Info.plist; sourceTree = "<group>"; };
/* End PBXFileReference section */

/* Begin PBXFrameworksBuildPhase section */
		EFE8001B2072272200813F72 /* Frameworks */ = {
			isa = PBXFrameworksBuildPhase;
			buildActionMask = 2147483647;
			files = (
			);
			runOnlyForDeploymentPostprocessing = 0;
		};
		EFE8002F2072272300813F72 /* Frameworks */ = {
			isa = PBXFrameworksBuildPhase;
			buildActionMask = 2147483647;
			files = (
			);
			runOnlyForDeploymentPostprocessing = 0;
		};
		EFE8003A2072272300813F72 /* Frameworks */ = {
			isa = PBXFrameworksBuildPhase;
			buildActionMask = 2147483647;
			files = (
			);
			runOnlyForDeploymentPostprocessing = 0;
		};
/* End PBXFrameworksBuildPhase section */

/* Begin PBXGroup section */
		EFE800152072272200813F72 = {
			isa = PBXGroup;
			children = (
				EFE800202072272300813F72 /* textFieldTest */,
				EFE800352072272300813F72 /* textFieldTestTests */,
				EFE800402072272400813F72 /* textFieldTestUITests */,
				EFE8001F2072272200813F72 /* Products */,
			);
			sourceTree = "<group>";
		};
		EFE8001F2072272200813F72 /* Products */ = {
			isa = PBXGroup;
			children = (
				EFE8001E2072272200813F72 /* textFieldTest.app */,
				EFE800322072272300813F72 /* textFieldTestTests.xctest */,
				EFE8003D2072272300813F72 /* textFieldTestUITests.xctest */,
			);
			name = Products;
			sourceTree = "<group>";
		};
		EFE800202072272300813F72 /* textFieldTest */ = {
			isa = PBXGroup;
			children = (
				EFE800212072272300813F72 /* AppDelegate.swift */,
				EFE800232072272300813F72 /* ViewController.swift */,
				EFE800252072272300813F72 /* Main.storyboard */,
				EFE800282072272300813F72 /* Assets.xcassets */,
				EFE8002A2072272300813F72 /* LaunchScreen.storyboard */,
				EFE8002D2072272300813F72 /* Info.plist */,
			);
			path = textFieldTest;
			sourceTree = "<group>";
		};
		EFE800352072272300813F72 /* textFieldTestTests */ = {
			isa = PBXGroup;
			children = (
				EFE800362072272300813F72 /* textFieldTestTests.swift */,
				EFE800382072272300813F72 /* Info.plist */,
			);
			path = textFieldTestTests;
			sourceTree = "<group>";
		};
		EFE800402072272400813F72 /* textFieldTestUITests */ = {
			isa = PBXGroup;
			children = (
				EFE800412072272400813F72 /* textFieldTestUITests.swift */,
				EFE800432072272400813F72 /* Info.plist */,
			);
			path = textFieldTestUITests;
			sourceTree = "<group>";
		};
/* End PBXGroup section */

/* Begin PBXNativeTarget section */
		EFE8001D2072272200813F72 /* textFieldTest */ = {
			isa = PBXNativeTarget;
			buildConfigurationList = EFE800462072272400813F72 /* Build configuration list for PBXNativeTarget "textFieldTest" */;
			buildPhases = (
				EFE8001A2072272200813F72 /* Sources */,
				EFE8001B2072272200813F72 /* Frameworks */,
				EFE8001C2072272200813F72 /* Resources */,
			);
			buildRules = (
			);
			dependencies = (
			);
			name = textFieldTest;
			productName = textFieldTest;
			productReference = EFE8001E2072272200813F72 /* textFieldTest.app */;
			productType = "com.apple.product-type.application";
		};
		EFE800312072272300813F72 /* textFieldTestTests */ = {
			isa = PBXNativeTarget;
			buildConfigurationList = EFE800492072272400813F72 /* Build configuration list for PBXNativeTarget "textFieldTestTests" */;
			buildPhases = (
				EFE8002E2072272300813F72 /* Sources */,
				EFE8002F2072272300813F72 /* Frameworks */,
				EFE800302072272300813F72 /* Resources */,
			);
			buildRules = (
			);
			dependencies = (
				EFE800342072272300813F72 /* PBXTargetDependency */,
			);
			name = textFieldTestTests;
			productName = textFieldTestTests;
			productReference = EFE800322072272300813F72 /* textFieldTestTests.xctest */;
			productType = "com.apple.product-type.bundle.unit-test";
		};
		EFE8003C2072272300813F72 /* textFieldTestUITests */ = {
			isa = PBXNativeTarget;
			buildConfigurationList = EFE8004C2072272400813F72 /* Build configuration list for PBXNativeTarget "textFieldTestUITests" */;
			buildPhases = (
				EFE800392072272300813F72 /* Sources */,
				EFE8003A2072272300813F72 /* Frameworks */,
				EFE8003B2072272300813F72 /* Resources */,
			);
			buildRules = (
			);
			dependencies = (
				EFE8003F2072272300813F72 /* PBXTargetDependency */,
			);
			name = textFieldTestUITests;
			productName = textFieldTestUITests;
			productReference = EFE8003D2072272300813F72 /* textFieldTestUITests.xctest */;
			productType = "com.apple.product-type.bundle.ui-testing";
		};
/* End PBXNativeTarget section */

/* Begin PBXProject section */
		EFE800162072272200813F72 /* Project object */ = {
			isa = PBXProject;
			attributes = {
				LastSwiftUpdateCheck = 0920;
				LastUpgradeCheck = 0920;
				ORGANIZATIONNAME = "感觉萌";
				TargetAttributes = {
					EFE8001D2072272200813F72 = {
						CreatedOnToolsVersion = 9.2;
						ProvisioningStyle = Automatic;
					};
					EFE800312072272300813F72 = {
						CreatedOnToolsVersion = 9.2;
						ProvisioningStyle = Automatic;
						TestTargetID = EFE8001D2072272200813F72;
					};
					EFE8003C2072272300813F72 = {
						CreatedOnToolsVersion = 9.2;
						ProvisioningStyle = Automatic;
						TestTargetID = EFE8001D2072272200813F72;
					};
				};
			};
			buildConfigurationList = EFE800192072272200813F72 /* Build configuration list for PBXProject "textFieldTest" */;
			compatibilityVersion = "Xcode 8.0";
			developmentRegion = en;
			hasScannedForEncodings = 0;
			knownRegions = (
				en,
				Base,
			);
			mainGroup = EFE800152072272200813F72;
			productRefGroup = EFE8001F2072272200813F72 /* Products */;
			projectDirPath = "";
			projectRoot = "";
			targets = (
				EFE8001D2072272200813F72 /* textFieldTest */,
				EFE800312072272300813F72 /* textFieldTestTests */,
				EFE8003C2072272300813F72 /* textFieldTestUITests */,
			);
		};
/* End PBXProject section */

/* Begin PBXResourcesBuildPhase section */
		EFE8001C2072272200813F72 /* Resources */ = {
			isa = PBXResourcesBuildPhase;
			buildActionMask = 2147483647;
			files = (
				EFE8002C2072272300813F72 /* LaunchScreen.storyboard in Resources */,
				EFE800292072272300813F72 /* Assets.xcassets in Resources */,
				EFE800272072272300813F72 /* Main.storyboard in Resources */,
			);
			runOnlyForDeploymentPostprocessing = 0;
		};
		EFE800302072272300813F72 /* Resources */ = {
			isa = PBXResourcesBuildPhase;
			buildActionMask = 2147483647;
			files = (
			);
			runOnlyForDeploymentPostprocessing = 0;
		};
		EFE8003B2072272300813F72 /* Resources */ = {
			isa = PBXResourcesBuildPhase;
			buildActionMask = 2147483647;
			files = (
			);
			runOnlyForDeploymentPostprocessing = 0;
		};
/* End PBXResourcesBuildPhase section */

/* Begin PBXSourcesBuildPhase section */
		EFE8001A2072272200813F72 /* Sources */ = {
			isa = PBXSourcesBuildPhase;
			buildActionMask = 2147483647;
			files = (
				EFE800242072272300813F72 /* ViewController.swift in Sources */,
				EFE800222072272300813F72 /* AppDelegate.swift in Sources */,
			);
			runOnlyForDeploymentPostprocessing = 0;
		};
		EFE8002E2072272300813F72 /* Sources */ = {
			isa = PBXSourcesBuildPhase;
			buildActionMask = 2147483647;
			files = (
				EFE800372072272300813F72 /* textFieldTestTests.swift in Sources */,
			);
			runOnlyForDeploymentPostprocessing = 0;
		};
		EFE800392072272300813F72 /* Sources */ = {
			isa = PBXSourcesBuildPhase;
			buildActionMask = 2147483647;
			files = (
				EFE800422072272400813F72 /* textFieldTestUITests.swift in Sources */,
			);
			runOnlyForDeploymentPostprocessing = 0;
		};
/* End PBXSourcesBuildPhase section */

/* Begin PBXTargetDependency section */
		EFE800342072272300813F72 /* PBXTargetDependency */ = {
			isa = PBXTargetDependency;
			target = EFE8001D2072272200813F72 /* textFieldTest */;
			targetProxy = EFE800332072272300813F72 /* PBXContainerItemProxy */;
		};
		EFE8003F2072272300813F72 /* PBXTargetDependency */ = {
			isa = PBXTargetDependency;
			target = EFE8001D2072272200813F72 /* textFieldTest */;
			targetProxy = EFE8003E2072272300813F72 /* PBXContainerItemProxy */;
		};
/* End PBXTargetDependency section */

/* Begin PBXVariantGroup section */
		EFE800252072272300813F72 /* Main.storyboard */ = {
			isa = PBXVariantGroup;
			children = (
				EFE800262072272300813F72 /* Base */,
			);
			name = Main.storyboard;
			sourceTree = "<group>";
		};
		EFE8002A2072272300813F72 /* LaunchScreen.storyboard */ = {
			isa = PBXVariantGroup;
			children = (
				EFE8002B2072272300813F72 /* Base */,
			);
			name = LaunchScreen.storyboard;
			sourceTree = "<group>";
		};
/* End PBXVariantGroup section */

/* Begin XCBuildConfiguration section */
		EFE800442072272400813F72 /* Debug */ = {
			isa = XCBuildConfiguration;
			buildSettings = {
				ALWAYS_SEARCH_USER_PATHS = NO;
				CLANG_ANALYZER_NONNULL = YES;
				CLANG_ANALYZER_NUMBER_OBJECT_CONVERSION = YES_AGGRESSIVE;
				CLANG_CXX_LANGUAGE_STANDARD = "gnu++14";
				CLANG_CXX_LIBRARY = "libc++";
				CLANG_ENABLE_MODULES = YES;
				CLANG_ENABLE_OBJC_ARC = YES;
				CLANG_WARN_BLOCK_CAPTURE_AUTORELEASING = YES;
				CLANG_WARN_BOOL_CONVERSION = YES;
				CLANG_WARN_COMMA = YES;
				CLANG_WARN_CONSTANT_CONVERSION = YES;
				CLANG_WARN_DIRECT_OBJC_ISA_USAGE = YES_ERROR;
				CLANG_WARN_DOCUMENTATION_COMMENTS = YES;
				CLANG_WARN_EMPTY_BODY = YES;
				CLANG_WARN_ENUM_CONVERSION = YES;
				CLANG_WARN_INFINITE_RECURSION = YES;
				CLANG_WARN_INT_CONVERSION = YES;
				CLANG_WARN_NON_LITERAL_NULL_CONVERSION = YES;
				CLANG_WARN_OBJC_LITERAL_CONVERSION = YES;
				CLANG_WARN_OBJC_ROOT_CLASS = YES_ERROR;
				CLANG_WARN_RANGE_LOOP_ANALYSIS = YES;
				CLANG_WARN_STRICT_PROTOTYPES = YES;
				CLANG_WARN_SUSPICIOUS_MOVE = YES;
				CLANG_WARN_UNGUARDED_AVAILABILITY = YES_AGGRESSIVE;
				CLANG_WARN_UNREACHABLE_CODE = YES;
				CLANG_WARN__DUPLICATE_METHOD_MATCH = YES;
				CODE_SIGN_IDENTITY = "iPhone Developer";
				COPY_PHASE_STRIP = NO;
				DEBUG_INFORMATION_FORMAT = dwarf;
				ENABLE_STRICT_OBJC_MSGSEND = YES;
				ENABLE_TESTABILITY = YES;
				GCC_C_LANGUAGE_STANDARD = gnu11;
				GCC_DYNAMIC_NO_PIC = NO;
				GCC_NO_COMMON_BLOCKS = YES;
				GCC_OPTIMIZATION_LEVEL = 0;
				GCC_PREPROCESSOR_DEFINITIONS = (
					"DEBUG=1",
					"$(inherited)",
				);
				GCC_WARN_64_TO_32_BIT_CONVERSION = YES;
				GCC_WARN_ABOUT_RETURN_TYPE = YES_ERROR;
				GCC_WARN_UNDECLARED_SELECTOR = YES;
				GCC_WARN_UNINITIALIZED_AUTOS = YES_AGGRESSIVE;
				GCC_WARN_UNUSED_FUNCTION = YES;
				GCC_WARN_UNUSED_VARIABLE = YES;
				IPHONEOS_DEPLOYMENT_TARGET = 11.2;
				MTL_ENABLE_DEBUG_INFO = YES;
				ONLY_ACTIVE_ARCH = YES;
				SDKROOT = iphoneos;
				SWIFT_ACTIVE_COMPILATION_CONDITIONS = DEBUG;
				SWIFT_OPTIMIZATION_LEVEL = "-Onone";
			};
			name = Debug;
		};
		EFE800452072272400813F72 /* Release */ = {
			isa = XCBuildConfiguration;
			buildSettings = {
				ALWAYS_SEARCH_USER_PATHS = NO;
				CLANG_ANALYZER_NONNULL = YES;
				CLANG_ANALYZER_NUMBER_OBJECT_CONVERSION = YES_AGGRESSIVE;
				CLANG_CXX_LANGUAGE_STANDARD = "gnu++14";
				CLANG_CXX_LIBRARY = "libc++";
				CLANG_ENABLE_MODULES = YES;
				CLANG_ENABLE_OBJC_ARC = YES;
				CLANG_WARN_BLOCK_CAPTURE_AUTORELEASING = YES;
				CLANG_WARN_BOOL_CONVERSION = YES;
				CLANG_WARN_COMMA = YES;
				CLANG_WARN_CONSTANT_CONVERSION = YES;
				CLANG_WARN_DIRECT_OBJC_ISA_USAGE = YES_ERROR;
				CLANG_WARN_DOCUMENTATION_COMMENTS = YES;
				CLANG_WARN_EMPTY_BODY = YES;
				CLANG_WARN_ENUM_CONVERSION = YES;
				CLANG_WARN_INFINITE_RECURSION = YES;
				CLANG_WARN_INT_CONVERSION = YES;
				CLANG_WARN_NON_LITERAL_NULL_CONVERSION = YES;
				CLANG_WARN_OBJC_LITERAL_CONVERSION = YES;
				CLANG_WARN_OBJC_ROOT_CLASS = YES_ERROR;
				CLANG_WARN_RANGE_LOOP_ANALYSIS = YES;
				CLANG_WARN_STRICT_PROTOTYPES = YES;
				CLANG_WARN_SUSPICIOUS_MOVE = YES;
				CLANG_WARN_UNGUARDED_AVAILABILITY = YES_AGGRESSIVE;
				CLANG_WARN_UNREACHABLE_CODE = YES;
				CLANG_WARN__DUPLICATE_METHOD_MATCH = YES;
				CODE_SIGN_IDENTITY = "iPhone Developer";
				COPY_PHASE_STRIP = NO;
				DEBUG_INFORMATION_FORMAT = "dwarf-with-dsym";
				ENABLE_NS_ASSERTIONS = NO;
				ENABLE_STRICT_OBJC_MSGSEND = YES;
				GCC_C_LANGUAGE_STANDARD = gnu11;
				GCC_NO_COMMON_BLOCKS = YES;
				GCC_WARN_64_TO_32_BIT_CONVERSION = YES;
				GCC_WARN_ABOUT_RETURN_TYPE = YES_ERROR;
				GCC_WARN_UNDECLARED_SELECTOR = YES;
				GCC_WARN_UNINITIALIZED_AUTOS = YES_AGGRESSIVE;
				GCC_WARN_UNUSED_FUNCTION = YES;
				GCC_WARN_UNUSED_VARIABLE = YES;
				IPHONEOS_DEPLOYMENT_TARGET = 11.2;
				MTL_ENABLE_DEBUG_INFO = NO;
				SDKROOT = iphoneos;
				SWIFT_OPTIMIZATION_LEVEL = "-Owholemodule";
				VALIDATE_PRODUCT = YES;
			};
			name = Release;
		};
		EFE800472072272400813F72 /* Debug */ = {
			isa = XCBuildConfiguration;
			buildSettings = {
				ASSETCATALOG_COMPILER_APPICON_NAME = AppIcon;
				CODE_SIGN_STYLE = Automatic;
				DEVELOPMENT_TEAM = MQ5A3K35HV;
				INFOPLIST_FILE = textFieldTest/Info.plist;
				LD_RUNPATH_SEARCH_PATHS = "$(inherited) @executable_path/Frameworks";
				PRODUCT_BUNDLE_IDENTIFIER = "---.textFieldTest";
				PRODUCT_NAME = "$(TARGET_NAME)";
				SWIFT_VERSION = 4.0;
				TARGETED_DEVICE_FAMILY = "1,2";
			};
			name = Debug;
		};
		EFE800482072272400813F72 /* Release */ = {
			isa = XCBuildConfiguration;
			buildSettings = {
				ASSETCATALOG_COMPILER_APPICON_NAME = AppIcon;
				CODE_SIGN_STYLE = Automatic;
				DEVELOPMENT_TEAM = MQ5A3K35HV;
				INFOPLIST_FILE = textFieldTest/Info.plist;
				LD_RUNPATH_SEARCH_PATHS = "$(inherited) @executable_path/Frameworks";
				PRODUCT_BUNDLE_IDENTIFIER = "---.textFieldTest";
				PRODUCT_NAME = "$(TARGET_NAME)";
				SWIFT_VERSION = 4.0;
				TARGETED_DEVICE_FAMILY = "1,2";
			};
			name = Release;
		};
		EFE8004A2072272400813F72 /* Debug */ = {
			isa = XCBuildConfiguration;
			buildSettings = {
				ALWAYS_EMBED_SWIFT_STANDARD_LIBRARIES = YES;
				BUNDLE_LOADER = "$(TEST_HOST)";
				CODE_SIGN_STYLE = Automatic;
				DEVELOPMENT_TEAM = MQ5A3K35HV;
				INFOPLIST_FILE = textFieldTestTests/Info.plist;
				LD_RUNPATH_SEARCH_PATHS = "$(inherited) @executable_path/Frameworks @loader_path/Frameworks";
				PRODUCT_BUNDLE_IDENTIFIER = "---.textFieldTestTests";
				PRODUCT_NAME = "$(TARGET_NAME)";
				SWIFT_VERSION = 4.0;
				TARGETED_DEVICE_FAMILY = "1,2";
				TEST_HOST = "$(BUILT_PRODUCTS_DIR)/textFieldTest.app/textFieldTest";
			};
			name = Debug;
		};
		EFE8004B2072272400813F72 /* Release */ = {
			isa = XCBuildConfiguration;
			buildSettings = {
				ALWAYS_EMBED_SWIFT_STANDARD_LIBRARIES = YES;
				BUNDLE_LOADER = "$(TEST_HOST)";
				CODE_SIGN_STYLE = Automatic;
				DEVELOPMENT_TEAM = MQ5A3K35HV;
				INFOPLIST_FILE = textFieldTestTests/Info.plist;
				LD_RUNPATH_SEARCH_PATHS = "$(inherited) @executable_path/Frameworks @loader_path/Frameworks";
				PRODUCT_BUNDLE_IDENTIFIER = "---.textFieldTestTests";
				PRODUCT_NAME = "$(TARGET_NAME)";
				SWIFT_VERSION = 4.0;
				TARGETED_DEVICE_FAMILY = "1,2";
				TEST_HOST = "$(BUILT_PRODUCTS_DIR)/textFieldTest.app/textFieldTest";
			};
			name = Release;
		};
		EFE8004D2072272400813F72 /* Debug */ = {
			isa = XCBuildConfiguration;
			buildSettings = {
				ALWAYS_EMBED_SWIFT_STANDARD_LIBRARIES = YES;
				CODE_SIGN_STYLE = Automatic;
				DEVELOPMENT_TEAM = MQ5A3K35HV;
				INFOPLIST_FILE = textFieldTestUITests/Info.plist;
				LD_RUNPATH_SEARCH_PATHS = "$(inherited) @executable_path/Frameworks @loader_path/Frameworks";
				PRODUCT_BUNDLE_IDENTIFIER = "---.textFieldTestUITests";
				PRODUCT_NAME = "$(TARGET_NAME)";
				SWIFT_VERSION = 4.0;
				TARGETED_DEVICE_FAMILY = "1,2";
				TEST_TARGET_NAME = textFieldTest;
			};
			name = Debug;
		};
		EFE8004E2072272400813F72 /* Release */ = {
			isa = XCBuildConfiguration;
			buildSettings = {
				ALWAYS_EMBED_SWIFT_STANDARD_LIBRARIES = YES;
				CODE_SIGN_STYLE = Automatic;
				DEVELOPMENT_TEAM = MQ5A3K35HV;
				INFOPLIST_FILE = textFieldTestUITests/Info.plist;
				LD_RUNPATH_SEARCH_PATHS = "$(inherited) @executable_path/Frameworks @loader_path/Frameworks";
				PRODUCT_BUNDLE_IDENTIFIER = "---.textFieldTestUITests";
				PRODUCT_NAME = "$(TARGET_NAME)";
				SWIFT_VERSION = 4.0;
				TARGETED_DEVICE_FAMILY = "1,2";
				TEST_TARGET_NAME = textFieldTest;
			};
			name = Release;
		};
/* End XCBuildConfiguration section */

/* Begin XCConfigurationList section */
		EFE800192072272200813F72 /* Build configuration list for PBXProject "textFieldTest" */ = {
			isa = XCConfigurationList;
			buildConfigurations = (
				EFE800442072272400813F72 /* Debug */,
				EFE800452072272400813F72 /* Release */,
			);
			defaultConfigurationIsVisible = 0;
			defaultConfigurationName = Release;
		};
		EFE800462072272400813F72 /* Build configuration list for PBXNativeTarget "textFieldTest" */ = {
			isa = XCConfigurationList;
			buildConfigurations = (
				EFE800472072272400813F72 /* Debug */,
				EFE800482072272400813F72 /* Release */,
			);
			defaultConfigurationIsVisible = 0;
			defaultConfigurationName = Release;
		};
		EFE800492072272400813F72 /* Build configuration list for PBXNativeTarget "textFieldTestTests" */ = {
			isa = XCConfigurationList;
			buildConfigurations = (
				EFE8004A2072272400813F72 /* Debug */,
				EFE8004B2072272400813F72 /* Release */,
			);
			defaultConfigurationIsVisible = 0;
			defaultConfigurationName = Release;
		};
		EFE8004C2072272400813F72 /* Build configuration list for PBXNativeTarget "textFieldTestUITests" */ = {
			isa = XCConfigurationList;
			buildConfigurations = (
				EFE8004D2072272400813F72 /* Debug */,
				EFE8004E2072272400813F72 /* Release */,
			);
			defaultConfigurationIsVisible = 0;
			defaultConfigurationName = Release;
		};
/* End XCConfigurationList section */
	};
	rootObject = EFE800162072272200813F72 /* Project object */;
}
