// !$*UTF8*$!
{
	archiveVersion = 1;
	classes = {
	};
	objectVersion = 48;
	objects = {

/* Begin PBXBuildFile section */
		EFE800082072254800813F72 /* textTestUITests.m in Sources */ = {isa = PBXBuildFile; fileRef = EFE800072072254800813F72 /* textTestUITests.m */; };
		EFE8FFE52072254800813F72 /* AppDelegate.m in Sources */ = {isa = PBXBuildFile; fileRef = EFE8FFE42072254800813F72 /* AppDelegate.m */; };
		EFE8FFE82072254800813F72 /* ViewController.m in Sources */ = {isa = PBXBuildFile; fileRef = EFE8FFE72072254800813F72 /* ViewController.m */; };
		EFE8FFEB2072254800813F72 /* Main.storyboard in Resources */ = {isa = PBXBuildFile; fileRef = EFE8FFE92072254800813F72 /* Main.storyboard */; };
		EFE8FFED2072254800813F72 /* Assets.xcassets in Resources */ = {isa = PBXBuildFile; fileRef = EFE8FFEC2072254800813F72 /* Assets.xcassets */; };
		EFE8FFF02072254800813F72 /* LaunchScreen.storyboard in Resources */ = {isa = PBXBuildFile; fileRef = EFE8FFEE2072254800813F72 /* LaunchScreen.storyboard */; };
		EFE8FFF32072254800813F72 /* main.m in Sources */ = {isa = PBXBuildFile; fileRef = EFE8FFF22072254800813F72 /* main.m */; };
		EFE8FFFD2072254800813F72 /* textTestTests.m in Sources */ = {isa = PBXBuildFile; fileRef = EFE8FFFC2072254800813F72 /* textTestTests.m */; };
/* End PBXBuildFile section */

/* Begin PBXContainerItemProxy section */
		EFE800042072254800813F72 /* PBXContainerItemProxy */ = {
			isa = PBXContainerItemProxy;
			containerPortal = EFE8FFD82072254800813F72 /* Project object */;
			proxyType = 1;
			remoteGlobalIDString = EFE8FFDF2072254800813F72;
			remoteInfo = textTest;
		};
		EFE8FFF92072254800813F72 /* PBXContainerItemProxy */ = {
			isa = PBXContainerItemProxy;
			containerPortal = EFE8FFD82072254800813F72 /* Project object */;
			proxyType = 1;
			remoteGlobalIDString = EFE8FFDF2072254800813F72;
			remoteInfo = textTest;
		};
/* End PBXContainerItemProxy section */

/* Begin PBXFileReference section */
		EFE800032072254800813F72 /* textTestUITests.xctest */ = {isa = PBXFileReference; explicitFileType = wrapper.cfbundle; includeInIndex = 0; path = textTestUITests.xctest; sourceTree = BUILT_PRODUCTS_DIR; };
		EFE800072072254800813F72 /* textTestUITests.m */ = {isa = PBXFileReference; lastKnownFileType = sourcecode.c.objc; path = textTestUITests.m; sourceTree = "<group>"; };
		EFE800092072254800813F72 /* Info.plist */ = {isa = PBXFileReference; lastKnownFileType = text.plist.xml; path = Info.plist; sourceTree = "<group>"; };
		EFE8FFE02072254800813F72 /* textTest.app */ = {isa = PBXFileReference; explicitFileType = wrapper.application; includeInIndex = 0; path = textTest.app; sourceTree = BUILT_PRODUCTS_DIR; };
		EFE8FFE32072254800813F72 /* AppDelegate.h */ = {isa = PBXFileReference; lastKnownFileType = sourcecode.c.h; path = AppDelegate.h; sourceTree = "<group>"; };
		EFE8FFE42072254800813F72 /* AppDelegate.m */ = {isa = PBXFileReference; lastKnownFileType = sourcecode.c.objc; path = AppDelegate.m; sourceTree = "<group>"; };
		EFE8FFE62072254800813F72 /* ViewController.h */ = {isa = PBXFileReference; lastKnownFileType = sourcecode.c.h; path = ViewController.h; sourceTree = "<group>"; };
		EFE8FFE72072254800813F72 /* ViewController.m */ = {isa = PBXFileReference; lastKnownFileType = sourcecode.c.objc; path = ViewController.m; sourceTree = "<group>"; };
		EFE8FFEA2072254800813F72 /* Base */ = {isa = PBXFileReference; lastKnownFileType = file.storyboard; name = Base; path = Base.lproj/Main.storyboard; sourceTree = "<group>"; };
		EFE8FFEC2072254800813F72 /* Assets.xcassets */ = {isa = PBXFileReference; lastKnownFileType = folder.assetcatalog; path = Assets.xcassets; sourceTree = "<group>"; };
		EFE8FFEF2072254800813F72 /* Base */ = {isa = PBXFileReference; lastKnownFileType = file.storyboard; name = Base; path = Base.lproj/LaunchScreen.storyboard; sourceTree = "<group>"; };
		EFE8FFF12072254800813F72 /* Info.plist */ = {isa = PBXFileReference; lastKnownFileType = text.plist.xml; path = Info.plist; sourceTree = "<group>"; };
		EFE8FFF22072254800813F72 /* main.m */ = {isa = PBXFileReference; lastKnownFileType = sourcecode.c.objc; path = main.m; sourceTree = "<group>"; };
		EFE8FFF82072254800813F72 /* textTestTests.xctest */ = {isa = PBXFileReference; explicitFileType = wrapper.cfbundle; includeInIndex = 0; path = textTestTests.xctest; sourceTree = BUILT_PRODUCTS_DIR; };
		EFE8FFFC2072254800813F72 /* textTestTests.m */ = {isa = PBXFileReference; lastKnownFileType = sourcecode.c.objc; path = textTestTests.m; sourceTree = "<group>"; };
		EFE8FFFE2072254800813F72 /* Info.plist */ = {isa = PBXFileReference; lastKnownFileType = text.plist.xml; path = Info.plist; sourceTree = "<group>"; };
/* End PBXFileReference section */

/* Begin PBXFrameworksBuildPhase section */
		EFE800002072254800813F72 /* Frameworks */ = {
			isa = PBXFrameworksBuildPhase;
			buildActionMask = 2147483647;
			files = (
			);
			runOnlyForDeploymentPostprocessing = 0;
		};
		EFE8FFDD2072254800813F72 /* Frameworks */ = {
			isa = PBXFrameworksBuildPhase;
			buildActionMask = 2147483647;
			files = (
			);
			runOnlyForDeploymentPostprocessing = 0;
		};
		EFE8FFF52072254800813F72 /* Frameworks */ = {
			isa = PBXFrameworksBuildPhase;
			buildActionMask = 2147483647;
			files = (
			);
			runOnlyForDeploymentPostprocessing = 0;
		};
/* End PBXFrameworksBuildPhase section */

/* Begin PBXGroup section */
		EFE800062072254800813F72 /* textTestUITests */ = {
			isa = PBXGroup;
			children = (
				EFE800072072254800813F72 /* textTestUITests.m */,
				EFE800092072254800813F72 /* Info.plist */,
			);
			path = textTestUITests;
			sourceTree = "<group>";
		};
		EFE8FFD72072254800813F72 = {
			isa = PBXGroup;
			children = (
				EFE8FFE22072254800813F72 /* textTest */,
				EFE8FFFB2072254800813F72 /* textTestTests */,
				EFE800062072254800813F72 /* textTestUITests */,
				EFE8FFE12072254800813F72 /* Products */,
			);
			sourceTree = "<group>";
		};
		EFE8FFE12072254800813F72 /* Products */ = {
			isa = PBXGroup;
			children = (
				EFE8FFE02072254800813F72 /* textTest.app */,
				EFE8FFF82072254800813F72 /* textTestTests.xctest */,
				EFE800032072254800813F72 /* textTestUITests.xctest */,
			);
			name = Products;
			sourceTree = "<group>";
		};
		EFE8FFE22072254800813F72 /* textTest */ = {
			isa = PBXGroup;
			children = (
				EFE8FFE32072254800813F72 /* AppDelegate.h */,
				EFE8FFE42072254800813F72 /* AppDelegate.m */,
				EFE8FFE62072254800813F72 /* ViewController.h */,
				EFE8FFE72072254800813F72 /* ViewController.m */,
				EFE8FFE92072254800813F72 /* Main.storyboard */,
				EFE8FFEC2072254800813F72 /* Assets.xcassets */,
				EFE8FFEE2072254800813F72 /* LaunchScreen.storyboard */,
				EFE8FFF12072254800813F72 /* Info.plist */,
				EFE8FFF22072254800813F72 /* main.m */,
			);
			path = textTest;
			sourceTree = "<group>";
		};
		EFE8FFFB2072254800813F72 /* textTestTests */ = {
			isa = PBXGroup;
			children = (
				EFE8FFFC2072254800813F72 /* textTestTests.m */,
				EFE8FFFE2072254800813F72 /* Info.plist */,
			);
			path = textTestTests;
			sourceTree = "<group>";
		};
/* End PBXGroup section */

/* Begin PBXNativeTarget section */
		EFE800022072254800813F72 /* textTestUITests */ = {
			isa = PBXNativeTarget;
			buildConfigurationList = EFE800122072254800813F72 /* Build configuration list for PBXNativeTarget "textTestUITests" */;
			buildPhases = (
				EFE8FFFF2072254800813F72 /* Sources */,
				EFE800002072254800813F72 /* Frameworks */,
				EFE800012072254800813F72 /* Resources */,
			);
			buildRules = (
			);
			dependencies = (
				EFE800052072254800813F72 /* PBXTargetDependency */,
			);
			name = textTestUITests;
			productName = textTestUITests;
			productReference = EFE800032072254800813F72 /* textTestUITests.xctest */;
			productType = "com.apple.product-type.bundle.ui-testing";
		};
		EFE8FFDF2072254800813F72 /* textTest */ = {
			isa = PBXNativeTarget;
			buildConfigurationList = EFE8000C2072254800813F72 /* Build configuration list for PBXNativeTarget "textTest" */;
			buildPhases = (
				EFE8FFDC2072254800813F72 /* Sources */,
				EFE8FFDD2072254800813F72 /* Frameworks */,
				EFE8FFDE2072254800813F72 /* Resources */,
			);
			buildRules = (
			);
			dependencies = (
			);
			name = textTest;
			productName = textTest;
			productReference = EFE8FFE02072254800813F72 /* textTest.app */;
			productType = "com.apple.product-type.application";
		};
		EFE8FFF72072254800813F72 /* textTestTests */ = {
			isa = PBXNativeTarget;
			buildConfigurationList = EFE8000F2072254800813F72 /* Build configuration list for PBXNativeTarget "textTestTests" */;
			buildPhases = (
				EFE8FFF42072254800813F72 /* Sources */,
				EFE8FFF52072254800813F72 /* Frameworks */,
				EFE8FFF62072254800813F72 /* Resources */,
			);
			buildRules = (
			);
			dependencies = (
				EFE8FFFA2072254800813F72 /* PBXTargetDependency */,
			);
			name = textTestTests;
			productName = textTestTests;
			productReference = EFE8FFF82072254800813F72 /* textTestTests.xctest */;
			productType = "com.apple.product-type.bundle.unit-test";
		};
/* End PBXNativeTarget section */

/* Begin PBXProject section */
		EFE8FFD82072254800813F72 /* Project object */ = {
			isa = PBXProject;
			attributes = {
				LastUpgradeCheck = 0920;
				ORGANIZATIONNAME = "感觉萌";
				TargetAttributes = {
					EFE800022072254800813F72 = {
						CreatedOnToolsVersion = 9.2;
						ProvisioningStyle = Automatic;
						TestTargetID = EFE8FFDF2072254800813F72;
					};
					EFE8FFDF2072254800813F72 = {
						CreatedOnToolsVersion = 9.2;
						ProvisioningStyle = Automatic;
					};
					EFE8FFF72072254800813F72 = {
						CreatedOnToolsVersion = 9.2;
						ProvisioningStyle = Automatic;
						TestTargetID = EFE8FFDF2072254800813F72;
					};
				};
			};
			buildConfigurationList = EFE8FFDB2072254800813F72 /* Build configuration list for PBXProject "textTest" */;
			compatibilityVersion = "Xcode 8.0";
			developmentRegion = en;
			hasScannedForEncodings = 0;
			knownRegions = (
				en,
				Base,
			);
			mainGroup = EFE8FFD72072254800813F72;
			productRefGroup = EFE8FFE12072254800813F72 /* Products */;
			projectDirPath = "";
			projectRoot = "";
			targets = (
				EFE8FFDF2072254800813F72 /* textTest */,
				EFE8FFF72072254800813F72 /* textTestTests */,
				EFE800022072254800813F72 /* textTestUITests */,
			);
		};
/* End PBXProject section */

/* Begin PBXResourcesBuildPhase section */
		EFE800012072254800813F72 /* Resources */ = {
			isa = PBXResourcesBuildPhase;
			buildActionMask = 2147483647;
			files = (
			);
			runOnlyForDeploymentPostprocessing = 0;
		};
		EFE8FFDE2072254800813F72 /* Resources */ = {
			isa = PBXResourcesBuildPhase;
			buildActionMask = 2147483647;
			files = (
				EFE8FFF02072254800813F72 /* LaunchScreen.storyboard in Resources */,
				EFE8FFED2072254800813F72 /* Assets.xcassets in Resources */,
				EFE8FFEB2072254800813F72 /* Main.storyboard in Resources */,
			);
			runOnlyForDeploymentPostprocessing = 0;
		};
		EFE8FFF62072254800813F72 /* Resources */ = {
			isa = PBXResourcesBuildPhase;
			buildActionMask = 2147483647;
			files = (
			);
			runOnlyForDeploymentPostprocessing = 0;
		};
/* End PBXResourcesBuildPhase section */

/* Begin PBXSourcesBuildPhase section */
		EFE8FFDC2072254800813F72 /* Sources */ = {
			isa = PBXSourcesBuildPhase;
			buildActionMask = 2147483647;
			files = (
				EFE8FFE82072254800813F72 /* ViewController.m in Sources */,
				EFE8FFF32072254800813F72 /* main.m in Sources */,
				EFE8FFE52072254800813F72 /* AppDelegate.m in Sources */,
			);
			runOnlyForDeploymentPostprocessing = 0;
		};
		EFE8FFF42072254800813F72 /* Sources */ = {
			isa = PBXSourcesBuildPhase;
			buildActionMask = 2147483647;
			files = (
				EFE8FFFD2072254800813F72 /* textTestTests.m in Sources */,
			);
			runOnlyForDeploymentPostprocessing = 0;
		};
		EFE8FFFF2072254800813F72 /* Sources */ = {
			isa = PBXSourcesBuildPhase;
			buildActionMask = 2147483647;
			files = (
				EFE800082072254800813F72 /* textTestUITests.m in Sources */,
			);
			runOnlyForDeploymentPostprocessing = 0;
		};
/* End PBXSourcesBuildPhase section */

/* Begin PBXTargetDependency section */
		EFE800052072254800813F72 /* PBXTargetDependency */ = {
			isa = PBXTargetDependency;
			target = EFE8FFDF2072254800813F72 /* textTest */;
			targetProxy = EFE800042072254800813F72 /* PBXContainerItemProxy */;
		};
		EFE8FFFA2072254800813F72 /* PBXTargetDependency */ = {
			isa = PBXTargetDependency;
			target = EFE8FFDF2072254800813F72 /* textTest */;
			targetProxy = EFE8FFF92072254800813F72 /* PBXContainerItemProxy */;
		};
/* End PBXTargetDependency section */

/* Begin PBXVariantGroup section */
		EFE8FFE92072254800813F72 /* Main.storyboard */ = {
			isa = PBXVariantGroup;
			children = (
				EFE8FFEA2072254800813F72 /* Base */,
			);
			name = Main.storyboard;
			sourceTree = "<group>";
		};
		EFE8FFEE2072254800813F72 /* LaunchScreen.storyboard */ = {
			isa = PBXVariantGroup;
			children = (
				EFE8FFEF2072254800813F72 /* Base */,
			);
			name = LaunchScreen.storyboard;
			sourceTree = "<group>";
		};
/* End PBXVariantGroup section */

/* Begin XCBuildConfiguration section */
		EFE8000A2072254800813F72 /* Debug */ = {
			isa = XCBuildConfiguration;
			buildSettings = {
				ALWAYS_SEARCH_USER_PATHS = NO;
				CLANG_ANALYZER_NONNULL = YES;
				CLANG_ANALYZER_NUMBER_OBJECT_CONVERSION = YES_AGGRESSIVE;
				CLANG_CXX_LANGUAGE_STANDARD = "gnu++14";
				CLANG_CXX_LIBRARY = "libc++";
				CLANG_ENABLE_MODULES = YES;
				CLANG_ENABLE_OBJC_ARC = YES;
				CLANG_WARN_BLOCK_CAPTURE_AUTORELEASING = YES;
				CLANG_WARN_BOOL_CONVERSION = YES;
				CLANG_WARN_COMMA = YES;
				CLANG_WARN_CONSTANT_CONVERSION = YES;
				CLANG_WARN_DIRECT_OBJC_ISA_USAGE = YES_ERROR;
				CLANG_WARN_DOCUMENTATION_COMMENTS = YES;
				CLANG_WARN_EMPTY_BODY = YES;
				CLANG_WARN_ENUM_CONVERSION = YES;
				CLANG_WARN_INFINITE_RECURSION = YES;
				CLANG_WARN_INT_CONVERSION = YES;
				CLANG_WARN_NON_LITERAL_NULL_CONVERSION = YES;
				CLANG_WARN_OBJC_LITERAL_CONVERSION = YES;
				CLANG_WARN_OBJC_ROOT_CLASS = YES_ERROR;
				CLANG_WARN_RANGE_LOOP_ANALYSIS = YES;
				CLANG_WARN_STRICT_PROTOTYPES = YES;
				CLANG_WARN_SUSPICIOUS_MOVE = YES;
				CLANG_WARN_UNGUARDED_AVAILABILITY = YES_AGGRESSIVE;
				CLANG_WARN_UNREACHABLE_CODE = YES;
				CLANG_WARN__DUPLICATE_METHOD_MATCH = YES;
				CODE_SIGN_IDENTITY = "iPhone Developer";
				COPY_PHASE_STRIP = NO;
				DEBUG_INFORMATION_FORMAT = dwarf;
				ENABLE_STRICT_OBJC_MSGSEND = YES;
				ENABLE_TESTABILITY = YES;
				GCC_C_LANGUAGE_STANDARD = gnu11;
				GCC_DYNAMIC_NO_PIC = NO;
				GCC_NO_COMMON_BLOCKS = YES;
				GCC_OPTIMIZATION_LEVEL = 0;
				GCC_PREPROCESSOR_DEFINITIONS = (
					"DEBUG=1",
					"$(inherited)",
				);
				GCC_WARN_64_TO_32_BIT_CONVERSION = YES;
				GCC_WARN_ABOUT_RETURN_TYPE = YES_ERROR;
				GCC_WARN_UNDECLARED_SELECTOR = YES;
				GCC_WARN_UNINITIALIZED_AUTOS = YES_AGGRESSIVE;
				GCC_WARN_UNUSED_FUNCTION = YES;
				GCC_WARN_UNUSED_VARIABLE = YES;
				IPHONEOS_DEPLOYMENT_TARGET = 11.2;
				MTL_ENABLE_DEBUG_INFO = YES;
				ONLY_ACTIVE_ARCH = YES;
				SDKROOT = iphoneos;
			};
			name = Debug;
		};
		EFE8000B2072254800813F72 /* Release */ = {
			isa = XCBuildConfiguration;
			buildSettings = {
				ALWAYS_SEARCH_USER_PATHS = NO;
				CLANG_ANALYZER_NONNULL = YES;
				CLANG_ANALYZER_NUMBER_OBJECT_CONVERSION = YES_AGGRESSIVE;
				CLANG_CXX_LANGUAGE_STANDARD = "gnu++14";
				CLANG_CXX_LIBRARY = "libc++";
				CLANG_ENABLE_MODULES = YES;
				CLANG_ENABLE_OBJC_ARC = YES;
				CLANG_WARN_BLOCK_CAPTURE_AUTORELEASING = YES;
				CLANG_WARN_BOOL_CONVERSION = YES;
				CLANG_WARN_COMMA = YES;
				CLANG_WARN_CONSTANT_CONVERSION = YES;
				CLANG_WARN_DIRECT_OBJC_ISA_USAGE = YES_ERROR;
				CLANG_WARN_DOCUMENTATION_COMMENTS = YES;
				CLANG_WARN_EMPTY_BODY = YES;
				CLANG_WARN_ENUM_CONVERSION = YES;
				CLANG_WARN_INFINITE_RECURSION = YES;
				CLANG_WARN_INT_CONVERSION = YES;
				CLANG_WARN_NON_LITERAL_NULL_CONVERSION = YES;
				CLANG_WARN_OBJC_LITERAL_CONVERSION = YES;
				CLANG_WARN_OBJC_ROOT_CLASS = YES_ERROR;
				CLANG_WARN_RANGE_LOOP_ANALYSIS = YES;
				CLANG_WARN_STRICT_PROTOTYPES = YES;
				CLANG_WARN_SUSPICIOUS_MOVE = YES;
				CLANG_WARN_UNGUARDED_AVAILABILITY = YES_AGGRESSIVE;
				CLANG_WARN_UNREACHABLE_CODE = YES;
				CLANG_WARN__DUPLICATE_METHOD_MATCH = YES;
				CODE_SIGN_IDENTITY = "iPhone Developer";
				COPY_PHASE_STRIP = NO;
				DEBUG_INFORMATION_FORMAT = "dwarf-with-dsym";
				ENABLE_NS_ASSERTIONS = NO;
				ENABLE_STRICT_OBJC_MSGSEND = YES;
				GCC_C_LANGUAGE_STANDARD = gnu11;
				GCC_NO_COMMON_BLOCKS = YES;
				GCC_WARN_64_TO_32_BIT_CONVERSION = YES;
				GCC_WARN_ABOUT_RETURN_TYPE = YES_ERROR;
				GCC_WARN_UNDECLARED_SELECTOR = YES;
				GCC_WARN_UNINITIALIZED_AUTOS = YES_AGGRESSIVE;
				GCC_WARN_UNUSED_FUNCTION = YES;
				GCC_WARN_UNUSED_VARIABLE = YES;
				IPHONEOS_DEPLOYMENT_TARGET = 11.2;
				MTL_ENABLE_DEBUG_INFO = NO;
				SDKROOT = iphoneos;
				VALIDATE_PRODUCT = YES;
			};
			name = Release;
		};
		EFE8000D2072254800813F72 /* Debug */ = {
			isa = XCBuildConfiguration;
			buildSettings = {
				ASSETCATALOG_COMPILER_APPICON_NAME = AppIcon;
				CODE_SIGN_STYLE = Automatic;
				DEVELOPMENT_TEAM = MQ5A3K35HV;
				INFOPLIST_FILE = textTest/Info.plist;
				LD_RUNPATH_SEARCH_PATHS = "$(inherited) @executable_path/Frameworks";
				PRODUCT_BUNDLE_IDENTIFIER = "---.textTestsd";
				PRODUCT_NAME = "$(TARGET_NAME)";
				TARGETED_DEVICE_FAMILY = "1,2";
			};
			name = Debug;
		};
		EFE8000E2072254800813F72 /* Release */ = {
			isa = XCBuildConfiguration;
			buildSettings = {
				ASSETCATALOG_COMPILER_APPICON_NAME = AppIcon;
				CODE_SIGN_STYLE = Automatic;
				DEVELOPMENT_TEAM = MQ5A3K35HV;
				INFOPLIST_FILE = textTest/Info.plist;
				LD_RUNPATH_SEARCH_PATHS = "$(inherited) @executable_path/Frameworks";
				PRODUCT_BUNDLE_IDENTIFIER = "---.textTestsd";
				PRODUCT_NAME = "$(TARGET_NAME)";
				TARGETED_DEVICE_FAMILY = "1,2";
			};
			name = Release;
		};
		EFE800102072254800813F72 /* Debug */ = {
			isa = XCBuildConfiguration;
			buildSettings = {
				BUNDLE_LOADER = "$(TEST_HOST)";
				CODE_SIGN_STYLE = Automatic;
				DEVELOPMENT_TEAM = MQ5A3K35HV;
				INFOPLIST_FILE = textTestTests/Info.plist;
				LD_RUNPATH_SEARCH_PATHS = "$(inherited) @executable_path/Frameworks @loader_path/Frameworks";
				PRODUCT_BUNDLE_IDENTIFIER = "---.textTestTests";
				PRODUCT_NAME = "$(TARGET_NAME)";
				TARGETED_DEVICE_FAMILY = "1,2";
				TEST_HOST = "$(BUILT_PRODUCTS_DIR)/textTest.app/textTest";
			};
			name = Debug;
		};
		EFE800112072254800813F72 /* Release */ = {
			isa = XCBuildConfiguration;
			buildSettings = {
				BUNDLE_LOADER = "$(TEST_HOST)";
				CODE_SIGN_STYLE = Automatic;
				DEVELOPMENT_TEAM = MQ5A3K35HV;
				INFOPLIST_FILE = textTestTests/Info.plist;
				LD_RUNPATH_SEARCH_PATHS = "$(inherited) @executable_path/Frameworks @loader_path/Frameworks";
				PRODUCT_BUNDLE_IDENTIFIER = "---.textTestTests";
				PRODUCT_NAME = "$(TARGET_NAME)";
				TARGETED_DEVICE_FAMILY = "1,2";
				TEST_HOST = "$(BUILT_PRODUCTS_DIR)/textTest.app/textTest";
			};
			name = Release;
		};
		EFE800132072254800813F72 /* Debug */ = {
			isa = XCBuildConfiguration;
			buildSettings = {
				CODE_SIGN_STYLE = Automatic;
				DEVELOPMENT_TEAM = MQ5A3K35HV;
				INFOPLIST_FILE = textTestUITests/Info.plist;
				LD_RUNPATH_SEARCH_PATHS = "$(inherited) @executable_path/Frameworks @loader_path/Frameworks";
				PRODUCT_BUNDLE_IDENTIFIER = "---.textTestUITests";
				PRODUCT_NAME = "$(TARGET_NAME)";
				TARGETED_DEVICE_FAMILY = "1,2";
				TEST_TARGET_NAME = textTest;
			};
			name = Debug;
		};
		EFE800142072254800813F72 /* Release */ = {
			isa = XCBuildConfiguration;
			buildSettings = {
				CODE_SIGN_STYLE = Automatic;
				DEVELOPMENT_TEAM = MQ5A3K35HV;
				INFOPLIST_FILE = textTestUITests/Info.plist;
				LD_RUNPATH_SEARCH_PATHS = "$(inherited) @executable_path/Frameworks @loader_path/Frameworks";
				PRODUCT_BUNDLE_IDENTIFIER = "---.textTestUITests";
				PRODUCT_NAME = "$(TARGET_NAME)";
				TARGETED_DEVICE_FAMILY = "1,2";
				TEST_TARGET_NAME = textTest;
			};
			name = Release;
		};
/* End XCBuildConfiguration section */

/* Begin XCConfigurationList section */
		EFE8000C2072254800813F72 /* Build configuration list for PBXNativeTarget "textTest" */ = {
			isa = XCConfigurationList;
			buildConfigurations = (
				EFE8000D2072254800813F72 /* Debug */,
				EFE8000E2072254800813F72 /* Release */,
			);
			defaultConfigurationIsVisible = 0;
			defaultConfigurationName = Release;
		};
		EFE8000F2072254800813F72 /* Build configuration list for PBXNativeTarget "textTestTests" */ = {
			isa = XCConfigurationList;
			buildConfigurations = (
				EFE800102072254800813F72 /* Debug */,
				EFE800112072254800813F72 /* Release */,
			);
			defaultConfigurationIsVisible = 0;
			defaultConfigurationName = Release;
		};
		EFE800122072254800813F72 /* Build configuration list for PBXNativeTarget "textTestUITests" */ = {
			isa = XCConfigurationList;
			buildConfigurations = (
				EFE800132072254800813F72 /* Debug */,
				EFE800142072254800813F72 /* Release */,
			);
			defaultConfigurationIsVisible = 0;
			defaultConfigurationName = Release;
		};
		EFE8FFDB2072254800813F72 /* Build configuration list for PBXProject "textTest" */ = {
			isa = XCConfigurationList;
			buildConfigurations = (
				EFE8000A2072254800813F72 /* Debug */,
				EFE8000B2072254800813F72 /* Release */,
			);
			defaultConfigurationIsVisible = 0;
			defaultConfigurationName = Release;
		};
/* End XCConfigurationList section */
	};
	rootObject = EFE8FFD82072254800813F72 /* Project object */;
}
